lockfileVersion: '9.0'

settings:
  autoInstallPeers: false
  excludeLinksFromLockfile: false

importers:

  .:
    devDependencies:
      '@deepseek-ai/cordis':
        specifier: ^4.0.2
        version: 4.0.2
      '@deepseek-ai/dsh-agent':
        specifier: 0.1.2-alpha.4
        version: 0.1.2-alpha.4(@deepseek-ai/cordis@4.0.2)(@deepseek-ai/dsh-llm@0.1.2-alpha.4(@deepseek-ai/cordis@4.0.2))(@deepseek-ai/dsh-session@0.1.2-alpha.4(@deepseek-ai/cordis@4.0.2))(@deepseek-ai/dsh-typert-protocol@0.1.2-alpha.4(@deepseek-ai/cordis@4.0.2))
      '@deepseek-ai/dsh-llm':
        specifier: 0.1.2-alpha.4
        version: 0.1.2-alpha.4(@deepseek-ai/cordis@4.0.2)
      '@deepseek-ai/dsh-session':
        specifier: 0.1.2-alpha.4
        version: 0.1.2-alpha.4(@deepseek-ai/cordis@4.0.2)
      '@deepseek-ai/dsh-subagent':
        specifier: 0.1.2-alpha.4
        version: 0.1.2-alpha.4(@deepseek-ai/cordis@4.0.2)(@deepseek-ai/dsh-agent@0.1.2-alpha.4(@deepseek-ai/cordis@4.0.2)(@deepseek-ai/dsh-llm@0.1.2-alpha.4(@deepseek-ai/cordis@4.0.2))(@deepseek-ai/dsh-session@0.1.2-alpha.4(@deepseek-ai/cordis@4.0.2))(@deepseek-ai/dsh-typert-protocol@0.1.2-alpha.4(@deepseek-ai/cordis@4.0.2)))(@deepseek-ai/dsh-llm@0.1.2-alpha.4(@deepseek-ai/cordis@4.0.2))(@deepseek-ai/dsh-session@0.1.2-alpha.4(@deepseek-ai/cordis@4.0.2))(@deepseek-ai/dsh-tools@0.1.2-alpha.4(@deepseek-ai/cordis@4.0.2)(@deepseek-ai/dsh-agent@0.1.2-alpha.4(@deepseek-ai/cordis@4.0.2)(@deepseek-ai/dsh-llm@0.1.2-alpha.4(@deepseek-ai/cordis@4.0.2))(@deepseek-ai/dsh-session@0.1.2-alpha.4(@deepseek-ai/cordis@4.0.2))(@deepseek-ai/dsh-typert-protocol@0.1.2-alpha.4(@deepseek-ai/cordis@4.0.2)))(@deepseek-ai/dsh-llm@0.1.2-alpha.4(@deepseek-ai/cordis@4.0.2))(@deepseek-ai/dsh-session@0.1.2-alpha.4(@deepseek-ai/cordis@4.0.2)))(@deepseek-ai/dsh-typert-protocol@0.1.2-alpha.4(@deepseek-ai/cordis@4.0.2))
      '@deepseek-ai/dsh-tools':
        specifier: 0.1.2-alpha.4
        version: 0.1.2-alpha.4(@deepseek-ai/cordis@4.0.2)(@deepseek-ai/dsh-agent@0.1.2-alpha.4(@deepseek-ai/cordis@4.0.2)(@deepseek-ai/dsh-llm@0.1.2-alpha.4(@deepseek-ai/cordis@4.0.2))(@deepseek-ai/dsh-session@0.1.2-alpha.4(@deepseek-ai/cordis@4.0.2))(@deepseek-ai/dsh-typert-protocol@0.1.2-alpha.4(@deepseek-ai/cordis@4.0.2)))(@deepseek-ai/dsh-llm@0.1.2-alpha.4(@deepseek-ai/cordis@4.0.2))(@deepseek-ai/dsh-session@0.1.2-alpha.4(@deepseek-ai/cordis@4.0.2))
      '@deepseek-ai/dsh-util-values':
        specifier: 0.1.2-alpha.4
        version: 0.1.2-alpha.4(@deepseek-ai/cordis@4.0.2)
      '@deepseek-ai/schemastery':
        specifier: 3.18.2
        version: 3.18.2
      '@types/node':
        specifier: ^24.0.0
        version: 24.13.3
      typescript:
        specifier: ^5.9.0
        version: 5.9.3

packages:

  '@deepseek-ai/cordis@4.0.2':
    resolution: {integrity: sha512-asOnXP1TzFSFQlHb1iegDZp0z/8WD1c7YNrwJR/Tx2bzNuMXfcekE/I67Iv6SQXeLB4csxqCngzQKANP7gdw0g==}
    hasBin: true
    peerDependencies:
      '@deepseek-ai/cordis-plugin-include': ^1.0.7
      '@deepseek-ai/cordis-plugin-loader': ^1.0.3
    peerDependenciesMeta:
      '@deepseek-ai/cordis-plugin-include':
        optional: true
      '@deepseek-ai/cordis-plugin-loader':
        optional: true

  '@deepseek-ai/cosmokit@1.8.3':
    resolution: {integrity: sha512-qBo+ronVM6Eu2WNVJXi8JcMiqZ19T9BRIpV+5qJUFPXjGH/Z0QKcQMC/IZJ7L394YTOtJgcovbk9qP0w2GsBXQ==}

  '@deepseek-ai/dsh-agent@0.1.2-alpha.4':
    resolution: {integrity: sha512-2wpsA57gNFqRFVyk2L4jTXIgRGTXYTYPWOlHfPVAMMG+uYroFynn/0xHq5WGfW0HpS/BgEK9Otewv7Qj0w3PcA==}
    peerDependencies:
      '@deepseek-ai/cordis': ^4.0.2
      '@deepseek-ai/dsh-invariants': ^0.1.2-alpha.4
      '@deepseek-ai/dsh-llm': ^0.1.2-alpha.4
      '@deepseek-ai/dsh-scope': ^0.1.2-alpha.4
      '@deepseek-ai/dsh-session': ^0.1.2-alpha.4
      '@deepseek-ai/dsh-session-projection': ^0.1.2-alpha.4
      '@deepseek-ai/dsh-system-prompt': ^0.1.2-alpha.4
      '@deepseek-ai/dsh-typert-protocol': ^0.1.2-alpha.4

  '@deepseek-ai/dsh-brand@0.1.2-alpha.4':
    resolution: {integrity: sha512-ebOnMr64GIXin+eyk9jbFkxF3esP8QuvnIrpem3vMNaN0oKyeGy8opzuLyVWtUMtFLmO3ehCI88u0cQSsLsEhQ==}
    peerDependencies:
      '@deepseek-ai/cordis': ^4.0.2

  '@deepseek-ai/dsh-llm@0.1.2-alpha.4':
    resolution: {integrity: sha512-8tghHvYdUswCh3EkI5tVaHvsxnbQiK/tICB1RLr7Zx7wMkODECjKg/pN8n77idO1xg6YQTy4jmggkW7cbjjEcg==}
    peerDependencies:
      '@deepseek-ai/cordis': ^4.0.2

  '@deepseek-ai/dsh-session@0.1.2-alpha.4':
    resolution: {integrity: sha512-QuW/7RJILAHPP4HY8ESggRPaa1DoJb11ElNGSm9XpFvnGZk81jxcmR3ab/vniloWyx7PdMMtkJf2Z/mui6sN3g==}
    peerDependencies:
      '@deepseek-ai/cordis': ^4.0.2
      '@deepseek-ai/dsh-scope': ^0.1.2-alpha.4

  '@deepseek-ai/dsh-subagent@0.1.2-alpha.4':
    resolution: {integrity: sha512-hvkI9KH5wp/QYK9ruuwlognKpKIMXZl3AVqDHY25jCMv9IuW4YxwaQmWGQ0xrq8wkOwG7gEf4ac4fNZD1ARhOg==}
    peerDependencies:
      '@deepseek-ai/cordis': ^4.0.2
      '@deepseek-ai/dsh-agent': ^0.1.2-alpha.4
      '@deepseek-ai/dsh-agent-presets': ^0.1.2-alpha.4
      '@deepseek-ai/dsh-attachment': ^0.1.2-alpha.4
      '@deepseek-ai/dsh-invariants': ^0.1.2-alpha.4
      '@deepseek-ai/dsh-jobs': ^0.1.2-alpha.4
      '@deepseek-ai/dsh-llm': ^0.1.2-alpha.4
      '@deepseek-ai/dsh-sandbox': ^0.1.2-alpha.4
      '@deepseek-ai/dsh-sandbox-policy': ^0.1.2-alpha.4
      '@deepseek-ai/dsh-scope': ^0.1.2-alpha.4
      '@deepseek-ai/dsh-session': ^0.1.2-alpha.4
      '@deepseek-ai/dsh-session-persistence': ^0.1.2-alpha.4
      '@deepseek-ai/dsh-session-projection': ^0.1.2-alpha.4
      '@deepseek-ai/dsh-session-projection-cache': ^0.1.2-alpha.4
      '@deepseek-ai/dsh-session-query': ^0.1.2-alpha.4
      '@deepseek-ai/dsh-system-prompt': ^0.1.2-alpha.4
      '@deepseek-ai/dsh-tools': ^0.1.2-alpha.4
      '@deepseek-ai/dsh-typert-protocol': ^0.1.2-alpha.4
      '@deepseek-ai/dsh-user-approval': ^0.1.2-alpha.4
      '@deepseek-ai/dsh-util-time': ^0.1.2-alpha.4
    peerDependenciesMeta:
      '@deepseek-ai/dsh-agent-presets':
        optional: true
      '@deepseek-ai/dsh-jobs':
        optional: true
      '@deepseek-ai/dsh-sandbox':
        optional: true
      '@deepseek-ai/dsh-sandbox-policy':
        optional: true
      '@deepseek-ai/dsh-session-persistence':
        optional: true
      '@deepseek-ai/dsh-session-projection':
        optional: true
      '@deepseek-ai/dsh-session-projection-cache':
        optional: true
      '@deepseek-ai/dsh-session-query':
        optional: true
      '@deepseek-ai/dsh-user-approval':
        optional: true

  '@deepseek-ai/dsh-timeout@0.1.2-alpha.4':
    resolution: {integrity: sha512-axL9FrDFCP2APEioIMg8mBG/2erU1eXZpD8wBPobtEpnKiVcEvHvyGTT5BhHCQG8KO1YdnT8txPZZ4+RVxAm6A==}
    peerDependencies:
      '@deepseek-ai/cordis': ^4.0.2

  '@deepseek-ai/dsh-tools@0.1.2-alpha.4':
    resolution: {integrity: sha512-h5BuVzCETKY3U6nEx4B9lc2jz7+5aAn2ewQDksrJlN2Q1Bz5BwKZx85Q/JdICR5i8el89JNo4sUPDOg0HjBYHA==}
    peerDependencies:
      '@deepseek-ai/cordis': ^4.0.2
      '@deepseek-ai/dsh-agent': ^0.1.2-alpha.4
      '@deepseek-ai/dsh-code-runtime': ^0.1.2-alpha.4
      '@deepseek-ai/dsh-invariants': ^0.1.2-alpha.4
      '@deepseek-ai/dsh-llm': ^0.1.2-alpha.4
      '@deepseek-ai/dsh-scope': ^0.1.2-alpha.4
      '@deepseek-ai/dsh-session': ^0.1.2-alpha.4
      '@deepseek-ai/dsh-system-prompt': ^0.1.2-alpha.4
      '@deepseek-ai/dsh-user-approval': ^0.1.2-alpha.4

  '@deepseek-ai/dsh-typert-protocol@0.1.2-alpha.4':
    resolution: {integrity: sha512-NCkPCpZUDiYOLPQzdvxMgBQ9HTCl56leL+dbkuvsFU3IgKFdA7b0iW+P40/LuqPeg4RBOs1rL6GJTft/Mye3Tg==}
    peerDependencies:
      '@deepseek-ai/cordis': ^4.0.2

  '@deepseek-ai/dsh-util-crypto@0.1.2-alpha.4':
    resolution: {integrity: sha512-GqISEjIJ/TGuM2K/Aw/fPAX6OslszupZaFEHGB5GQB2+JGV5+gq9sombjQbqr/BKemjXbAZp3i8P7ImPq989Pg==}
    peerDependencies:
      '@deepseek-ai/cordis': ^4.0.2

  '@deepseek-ai/dsh-util-values@0.1.2-alpha.4':
    resolution: {integrity: sha512-4V0Q4Qv5RH+vfrj0q2U1ZqAfkidJbONjwRJzKLKFy3SjbRPVde2LdIdWv3ygUFNuT/kuvkvVnzX8Tc2ozGLITA==}
    peerDependencies:
      '@deepseek-ai/cordis': ^4.0.2

  '@deepseek-ai/schemastery@3.18.2':
    resolution: {integrity: sha512-njDtZsznjYxok7KLLlHOPyuv2efdWVbSflAHgztSfbMsg+CVraEoRe2DjOCgClYv3ZCSm7WXoaUkbB/+RY7tWQ==}

  '@standard-schema/spec@1.1.0':
    resolution: {integrity: sha512-l2aFy5jALhniG5HgqrD6jXLi/rUWrKvqN/qJx6yoJsgKhblVd+iqqU4RCXavm/jPityDo5TCvKMnpjKnOriy0w==}

  '@types/node@24.13.3':
    resolution: {integrity: sha512-Dh8vAsV36ig5wa9OX4pXvMc9D3Veibfw2wix0CUwYODLD8nkj9UsLjASr49nPg+2eKzxhBV+v7L8pXvT4e639Q==}

  typescript@5.9.3:
    resolution: {integrity: sha512-jl1vZzPDinLr9eUt3J/t7V6FgNEw9QjvBPdysz9KfQDD41fQrC2Y4vKQdiaUpFT4bXlb1RHhLpp8wtm6M5TgSw==}
    engines: {node: '>=14.17'}
    hasBin: true

  undici-types@7.18.2:
    resolution: {integrity: sha512-AsuCzffGHJybSaRrmr5eHr81mwJU3kjw6M+uprWvCXiNeN9SOGwQ3Jn8jb8m3Z6izVgknn1R0FTCEAP2QrLY/w==}

  zod@4.4.3:
    resolution: {integrity: sha512-ytENFjIJFl2UwYglde2jchW2Hwm4GJFLDiSXWdTrJQBIN9Fcyp7n4DhxJEiWNAJMV1/BqWfW/kkg71UDcHJyTQ==}

snapshots:

  '@deepseek-ai/cordis@4.0.2':
    dependencies:
      '@deepseek-ai/cosmokit': 1.8.3
      '@standard-schema/spec': 1.1.0

  '@deepseek-ai/cosmokit@1.8.3': {}

  '@deepseek-ai/dsh-agent@0.1.2-alpha.4(@deepseek-ai/cordis@4.0.2)(@deepseek-ai/dsh-llm@0.1.2-alpha.4(@deepseek-ai/cordis@4.0.2))(@deepseek-ai/dsh-session@0.1.2-alpha.4(@deepseek-ai/cordis@4.0.2))(@deepseek-ai/dsh-typert-protocol@0.1.2-alpha.4(@deepseek-ai/cordis@4.0.2))':
    dependencies:
      '@deepseek-ai/cordis': 4.0.2
      '@deepseek-ai/dsh-llm': 0.1.2-alpha.4(@deepseek-ai/cordis@4.0.2)
      '@deepseek-ai/dsh-session': 0.1.2-alpha.4(@deepseek-ai/cordis@4.0.2)
      '@deepseek-ai/dsh-typert-protocol': 0.1.2-alpha.4(@deepseek-ai/cordis@4.0.2)

  '@deepseek-ai/dsh-brand@0.1.2-alpha.4(@deepseek-ai/cordis@4.0.2)':
    dependencies:
      '@deepseek-ai/cordis': 4.0.2

  '@deepseek-ai/dsh-llm@0.1.2-alpha.4(@deepseek-ai/cordis@4.0.2)':
    dependencies:
      '@deepseek-ai/cordis': 4.0.2
      '@deepseek-ai/dsh-brand': 0.1.2-alpha.4(@deepseek-ai/cordis@4.0.2)
      '@deepseek-ai/dsh-timeout': 0.1.2-alpha.4(@deepseek-ai/cordis@4.0.2)
      '@deepseek-ai/dsh-typert-protocol': 0.1.2-alpha.4(@deepseek-ai/cordis@4.0.2)
      '@deepseek-ai/dsh-util-crypto': 0.1.2-alpha.4(@deepseek-ai/cordis@4.0.2)
      '@deepseek-ai/dsh-util-values': 0.1.2-alpha.4(@deepseek-ai/cordis@4.0.2)
      '@deepseek-ai/schemastery': 3.18.2
      zod: 4.4.3

  '@deepseek-ai/dsh-session@0.1.2-alpha.4(@deepseek-ai/cordis@4.0.2)':
    dependencies:
      '@deepseek-ai/cordis': 4.0.2
      '@deepseek-ai/dsh-brand': 0.1.2-alpha.4(@deepseek-ai/cordis@4.0.2)
      '@deepseek-ai/dsh-llm': 0.1.2-alpha.4(@deepseek-ai/cordis@4.0.2)
      '@deepseek-ai/dsh-util-values': 0.1.2-alpha.4(@deepseek-ai/cordis@4.0.2)

  '@deepseek-ai/dsh-subagent@0.1.2-alpha.4(@deepseek-ai/cordis@4.0.2)(@deepseek-ai/dsh-agent@0.1.2-alpha.4(@deepseek-ai/cordis@4.0.2)(@deepseek-ai/dsh-llm@0.1.2-alpha.4(@deepseek-ai/cordis@4.0.2))(@deepseek-ai/dsh-session@0.1.2-alpha.4(@deepseek-ai/cordis@4.0.2))(@deepseek-ai/dsh-typert-protocol@0.1.2-alpha.4(@deepseek-ai/cordis@4.0.2)))(@deepseek-ai/dsh-llm@0.1.2-alpha.4(@deepseek-ai/cordis@4.0.2))(@deepseek-ai/dsh-session@0.1.2-alpha.4(@deepseek-ai/cordis@4.0.2))(@deepseek-ai/dsh-tools@0.1.2-alpha.4(@deepseek-ai/cordis@4.0.2)(@deepseek-ai/dsh-agent@0.1.2-alpha.4(@deepseek-ai/cordis@4.0.2)(@deepseek-ai/dsh-llm@0.1.2-alpha.4(@deepseek-ai/cordis@4.0.2))(@deepseek-ai/dsh-session@0.1.2-alpha.4(@deepseek-ai/cordis@4.0.2))(@deepseek-ai/dsh-typert-protocol@0.1.2-alpha.4(@deepseek-ai/cordis@4.0.2)))(@deepseek-ai/dsh-llm@0.1.2-alpha.4(@deepseek-ai/cordis@4.0.2))(@deepseek-ai/dsh-session@0.1.2-alpha.4(@deepseek-ai/cordis@4.0.2)))(@deepseek-ai/dsh-typert-protocol@0.1.2-alpha.4(@deepseek-ai/cordis@4.0.2))':
    dependencies:
      '@deepseek-ai/cordis': 4.0.2
      '@deepseek-ai/dsh-agent': 0.1.2-alpha.4(@deepseek-ai/cordis@4.0.2)(@deepseek-ai/dsh-llm@0.1.2-alpha.4(@deepseek-ai/cordis@4.0.2))(@deepseek-ai/dsh-session@0.1.2-alpha.4(@deepseek-ai/cordis@4.0.2))(@deepseek-ai/dsh-typert-protocol@0.1.2-alpha.4(@deepseek-ai/cordis@4.0.2))
      '@deepseek-ai/dsh-brand': 0.1.2-alpha.4(@deepseek-ai/cordis@4.0.2)
      '@deepseek-ai/dsh-llm': 0.1.2-alpha.4(@deepseek-ai/cordis@4.0.2)
      '@deepseek-ai/dsh-session': 0.1.2-alpha.4(@deepseek-ai/cordis@4.0.2)
      '@deepseek-ai/dsh-tools': 0.1.2-alpha.4(@deepseek-ai/cordis@4.0.2)(@deepseek-ai/dsh-agent@0.1.2-alpha.4(@deepseek-ai/cordis@4.0.2)(@deepseek-ai/dsh-llm@0.1.2-alpha.4(@deepseek-ai/cordis@4.0.2))(@deepseek-ai/dsh-session@0.1.2-alpha.4(@deepseek-ai/cordis@4.0.2))(@deepseek-ai/dsh-typert-protocol@0.1.2-alpha.4(@deepseek-ai/cordis@4.0.2)))(@deepseek-ai/dsh-llm@0.1.2-alpha.4(@deepseek-ai/cordis@4.0.2))(@deepseek-ai/dsh-session@0.1.2-alpha.4(@deepseek-ai/cordis@4.0.2))
      '@deepseek-ai/dsh-typert-protocol': 0.1.2-alpha.4(@deepseek-ai/cordis@4.0.2)
      '@deepseek-ai/dsh-util-values': 0.1.2-alpha.4(@deepseek-ai/cordis@4.0.2)
      zod: 4.4.3

  '@deepseek-ai/dsh-timeout@0.1.2-alpha.4(@deepseek-ai/cordis@4.0.2)':
    dependencies:
      '@deepseek-ai/cordis': 4.0.2

  '@deepseek-ai/dsh-tools@0.1.2-alpha.4(@deepseek-ai/cordis@4.0.2)(@deepseek-ai/dsh-agent@0.1.2-alpha.4(@deepseek-ai/cordis@4.0.2)(@deepseek-ai/dsh-llm@0.1.2-alpha.4(@deepseek-ai/cordis@4.0.2))(@deepseek-ai/dsh-session@0.1.2-alpha.4(@deepseek-ai/cordis@4.0.2))(@deepseek-ai/dsh-typert-protocol@0.1.2-alpha.4(@deepseek-ai/cordis@4.0.2)))(@deepseek-ai/dsh-llm@0.1.2-alpha.4(@deepseek-ai/cordis@4.0.2))(@deepseek-ai/dsh-session@0.1.2-alpha.4(@deepseek-ai/cordis@4.0.2))':
    dependencies:
      '@deepseek-ai/cordis': 4.0.2
      '@deepseek-ai/dsh-agent': 0.1.2-alpha.4(@deepseek-ai/cordis@4.0.2)(@deepseek-ai/dsh-llm@0.1.2-alpha.4(@deepseek-ai/cordis@4.0.2))(@deepseek-ai/dsh-session@0.1.2-alpha.4(@deepseek-ai/cordis@4.0.2))(@deepseek-ai/dsh-typert-protocol@0.1.2-alpha.4(@deepseek-ai/cordis@4.0.2))
      '@deepseek-ai/dsh-brand': 0.1.2-alpha.4(@deepseek-ai/cordis@4.0.2)
      '@deepseek-ai/dsh-llm': 0.1.2-alpha.4(@deepseek-ai/cordis@4.0.2)
      '@deepseek-ai/dsh-session': 0.1.2-alpha.4(@deepseek-ai/cordis@4.0.2)
      '@deepseek-ai/dsh-util-values': 0.1.2-alpha.4(@deepseek-ai/cordis@4.0.2)
      '@deepseek-ai/schemastery': 3.18.2

  '@deepseek-ai/dsh-typert-protocol@0.1.2-alpha.4(@deepseek-ai/cordis@4.0.2)':
    dependencies:
      '@deepseek-ai/cordis': 4.0.2

  '@deepseek-ai/dsh-util-crypto@0.1.2-alpha.4(@deepseek-ai/cordis@4.0.2)':
    dependencies:
      '@deepseek-ai/cordis': 4.0.2

  '@deepseek-ai/dsh-util-values@0.1.2-alpha.4(@deepseek-ai/cordis@4.0.2)':
    dependencies:
      '@deepseek-ai/cordis': 4.0.2

  '@deepseek-ai/schemastery@3.18.2':
    dependencies:
      '@deepseek-ai/cosmokit': 1.8.3
      '@standard-schema/spec': 1.1.0

  '@standard-schema/spec@1.1.0': {}

  '@types/node@24.13.3':
    dependencies:
      undici-types: 7.18.2

  typescript@5.9.3: {}

  undici-types@7.18.2: {}

  zod@4.4.3: {}
