lockfileVersion: '9.0'

settings:
  autoInstallPeers: false
  excludeLinksFromLockfile: false

importers:

  .:
    devDependencies:
      '@deepseek-ai/cordis':
        specifier: ^4.0.2
        version: 4.0.2
      '@deepseek-ai/dsh-agent':
        specifier: 0.1.2-alpha.5
        version: 0.1.2-alpha.5(@deepseek-ai/cordis@4.0.2)(@deepseek-ai/dsh-llm@0.1.2-alpha.5(@deepseek-ai/cordis@4.0.2))(@deepseek-ai/dsh-session@0.1.2-alpha.5(@deepseek-ai/cordis@4.0.2))(@deepseek-ai/dsh-typert-protocol@0.1.2-alpha.5(@deepseek-ai/cordis@4.0.2))
      '@deepseek-ai/dsh-llm':
        specifier: 0.1.2-alpha.5
        version: 0.1.2-alpha.5(@deepseek-ai/cordis@4.0.2)
      '@deepseek-ai/dsh-session':
        specifier: 0.1.2-alpha.5
        version: 0.1.2-alpha.5(@deepseek-ai/cordis@4.0.2)
      '@deepseek-ai/dsh-subagent':
        specifier: 0.1.2-alpha.5
        version: 0.1.2-alpha.5(@deepseek-ai/cordis@4.0.2)(@deepseek-ai/dsh-agent@0.1.2-alpha.5(@deepseek-ai/cordis@4.0.2)(@deepseek-ai/dsh-llm@0.1.2-alpha.5(@deepseek-ai/cordis@4.0.2))(@deepseek-ai/dsh-session@0.1.2-alpha.5(@deepseek-ai/cordis@4.0.2))(@deepseek-ai/dsh-typert-protocol@0.1.2-alpha.5(@deepseek-ai/cordis@4.0.2)))(@deepseek-ai/dsh-llm@0.1.2-alpha.5(@deepseek-ai/cordis@4.0.2))(@deepseek-ai/dsh-session@0.1.2-alpha.5(@deepseek-ai/cordis@4.0.2))(@deepseek-ai/dsh-tools@0.1.2-alpha.5(@deepseek-ai/cordis@4.0.2)(@deepseek-ai/dsh-agent@0.1.2-alpha.5(@deepseek-ai/cordis@4.0.2)(@deepseek-ai/dsh-llm@0.1.2-alpha.5(@deepseek-ai/cordis@4.0.2))(@deepseek-ai/dsh-session@0.1.2-alpha.5(@deepseek-ai/cordis@4.0.2))(@deepseek-ai/dsh-typert-protocol@0.1.2-alpha.5(@deepseek-ai/cordis@4.0.2)))(@deepseek-ai/dsh-llm@0.1.2-alpha.5(@deepseek-ai/cordis@4.0.2))(@deepseek-ai/dsh-session@0.1.2-alpha.5(@deepseek-ai/cordis@4.0.2)))(@deepseek-ai/dsh-typert-protocol@0.1.2-alpha.5(@deepseek-ai/cordis@4.0.2))
      '@deepseek-ai/dsh-tools':
        specifier: 0.1.2-alpha.5
        version: 0.1.2-alpha.5(@deepseek-ai/cordis@4.0.2)(@deepseek-ai/dsh-agent@0.1.2-alpha.5(@deepseek-ai/cordis@4.0.2)(@deepseek-ai/dsh-llm@0.1.2-alpha.5(@deepseek-ai/cordis@4.0.2))(@deepseek-ai/dsh-session@0.1.2-alpha.5(@deepseek-ai/cordis@4.0.2))(@deepseek-ai/dsh-typert-protocol@0.1.2-alpha.5(@deepseek-ai/cordis@4.0.2)))(@deepseek-ai/dsh-llm@0.1.2-alpha.5(@deepseek-ai/cordis@4.0.2))(@deepseek-ai/dsh-session@0.1.2-alpha.5(@deepseek-ai/cordis@4.0.2))
      '@deepseek-ai/dsh-util-values':
        specifier: 0.1.2-alpha.5
        version: 0.1.2-alpha.5(@deepseek-ai/cordis@4.0.2)
      '@deepseek-ai/schemastery':
        specifier: 3.18.2
        version: 3.18.2
      '@types/node':
        specifier: ^24.0.0
        version: 24.13.3
      typescript:
        specifier: ^5.9.0
        version: 5.9.3

packages:

  '@deepseek-ai/cordis@4.0.2':
    resolution: {integrity: sha512-asOnXP1TzFSFQlHb1iegDZp0z/8WD1c7YNrwJR/Tx2bzNuMXfcekE/I67Iv6SQXeLB4csxqCngzQKANP7gdw0g==}
    hasBin: true
    peerDependencies:
      '@deepseek-ai/cordis-plugin-include': ^1.0.7
      '@deepseek-ai/cordis-plugin-loader': ^1.0.3
    peerDependenciesMeta:
      '@deepseek-ai/cordis-plugin-include':
        optional: true
      '@deepseek-ai/cordis-plugin-loader':
        optional: true

  '@deepseek-ai/cosmokit@1.8.3':
    resolution: {integrity: sha512-qBo+ronVM6Eu2WNVJXi8JcMiqZ19T9BRIpV+5qJUFPXjGH/Z0QKcQMC/IZJ7L394YTOtJgcovbk9qP0w2GsBXQ==}

  '@deepseek-ai/dsh-agent@0.1.2-alpha.5':
    resolution: {integrity: sha512-vkl+p28Slcer7AUITOm0+LxFzyTHELU8lWA6CO3GYn4IGscNsa/2XSqF4+StZdu80ky+BxYq2hcW6NdTsOGDEw==}
    peerDependencies:
      '@deepseek-ai/cordis': ^4.0.2
      '@deepseek-ai/dsh-invariants': ^0.1.2-alpha.5
      '@deepseek-ai/dsh-llm': ^0.1.2-alpha.5
      '@deepseek-ai/dsh-scope': ^0.1.2-alpha.5
      '@deepseek-ai/dsh-session': ^0.1.2-alpha.5
      '@deepseek-ai/dsh-session-projection': ^0.1.2-alpha.5
      '@deepseek-ai/dsh-system-prompt': ^0.1.2-alpha.5
      '@deepseek-ai/dsh-typert-protocol': ^0.1.2-alpha.5

  '@deepseek-ai/dsh-brand@0.1.2-alpha.5':
    resolution: {integrity: sha512-jpOkfEV4p80UzxfuXCUE9Br+VCvf9VT3fun9fP9aIUh7kw/16MJQVFFdQAfKY/IAeW/Dj3GtkjXxJMBctqv3AQ==}
    peerDependencies:
      '@deepseek-ai/cordis': ^4.0.2

  '@deepseek-ai/dsh-llm@0.1.2-alpha.5':
    resolution: {integrity: sha512-po0FJyAmOQM/pUUR3eIOPdM4aDODAt9NvS8p8/Y0PJ7gvisRYL4oqXyEk8y9nbryfEnNJNSOaxv/maBdmeHpGQ==}
    peerDependencies:
      '@deepseek-ai/cordis': ^4.0.2

  '@deepseek-ai/dsh-session@0.1.2-alpha.5':
    resolution: {integrity: sha512-GOjXnU82ROSKZxPi765EvbNC5b5zsKajY+r1UpDVLrvLJO9lqLMFAc2SgO9M0kFl6DYHV2j5L7yAemajTDqqAA==}
    peerDependencies:
      '@deepseek-ai/cordis': ^4.0.2
      '@deepseek-ai/dsh-scope': ^0.1.2-alpha.5

  '@deepseek-ai/dsh-subagent@0.1.2-alpha.5':
    resolution: {integrity: sha512-KIGHqz1fJb6YhypfSSfe7XdE4zPz9i5bRi76lNqtVpnHVszfkC/wfJWwKdxv8sS84Cm1R6B4EQ1UnLuOEfVmrg==}
    peerDependencies:
      '@deepseek-ai/cordis': ^4.0.2
      '@deepseek-ai/dsh-agent': ^0.1.2-alpha.5
      '@deepseek-ai/dsh-agent-presets': ^0.1.2-alpha.5
      '@deepseek-ai/dsh-attachment': ^0.1.2-alpha.5
      '@deepseek-ai/dsh-invariants': ^0.1.2-alpha.5
      '@deepseek-ai/dsh-jobs': ^0.1.2-alpha.5
      '@deepseek-ai/dsh-llm': ^0.1.2-alpha.5
      '@deepseek-ai/dsh-sandbox': ^0.1.2-alpha.5
      '@deepseek-ai/dsh-sandbox-policy': ^0.1.2-alpha.5
      '@deepseek-ai/dsh-scope': ^0.1.2-alpha.5
      '@deepseek-ai/dsh-session': ^0.1.2-alpha.5
      '@deepseek-ai/dsh-session-persistence': ^0.1.2-alpha.5
      '@deepseek-ai/dsh-session-projection': ^0.1.2-alpha.5
      '@deepseek-ai/dsh-session-projection-cache': ^0.1.2-alpha.5
      '@deepseek-ai/dsh-session-query': ^0.1.2-alpha.5
      '@deepseek-ai/dsh-system-prompt': ^0.1.2-alpha.5
      '@deepseek-ai/dsh-tools': ^0.1.2-alpha.5
      '@deepseek-ai/dsh-typert-protocol': ^0.1.2-alpha.5
      '@deepseek-ai/dsh-user-approval': ^0.1.2-alpha.5
      '@deepseek-ai/dsh-util-time': ^0.1.2-alpha.5
    peerDependenciesMeta:
      '@deepseek-ai/dsh-agent-presets':
        optional: true
      '@deepseek-ai/dsh-jobs':
        optional: true
      '@deepseek-ai/dsh-sandbox':
        optional: true
      '@deepseek-ai/dsh-sandbox-policy':
        optional: true
      '@deepseek-ai/dsh-session-persistence':
        optional: true
      '@deepseek-ai/dsh-session-projection':
        optional: true
      '@deepseek-ai/dsh-session-projection-cache':
        optional: true
      '@deepseek-ai/dsh-session-query':
        optional: true
      '@deepseek-ai/dsh-user-approval':
        optional: true

  '@deepseek-ai/dsh-timeout@0.1.2-alpha.5':
    resolution: {integrity: sha512-CRz+ssho5Qi4hdw1lh/ISeegvbcIkG0tZgjgkMGrhtkSQcXJQRn0qCHU0apYk+lEsTZLooEsNGXEoHStMDc8LQ==}
    peerDependencies:
      '@deepseek-ai/cordis': ^4.0.2

  '@deepseek-ai/dsh-tools@0.1.2-alpha.5':
    resolution: {integrity: sha512-ay1dNbDawfphNgHBIpewesNp46Bl4c9iAB4Ul+nzjhTozULbLbKbHfN6RPhvk4dfnoYjXKeMU4gOTNP1Tr3vNA==}
    peerDependencies:
      '@deepseek-ai/cordis': ^4.0.2
      '@deepseek-ai/dsh-agent': ^0.1.2-alpha.5
      '@deepseek-ai/dsh-code-runtime': ^0.1.2-alpha.5
      '@deepseek-ai/dsh-invariants': ^0.1.2-alpha.5
      '@deepseek-ai/dsh-llm': ^0.1.2-alpha.5
      '@deepseek-ai/dsh-scope': ^0.1.2-alpha.5
      '@deepseek-ai/dsh-session': ^0.1.2-alpha.5
      '@deepseek-ai/dsh-system-prompt': ^0.1.2-alpha.5
      '@deepseek-ai/dsh-user-approval': ^0.1.2-alpha.5

  '@deepseek-ai/dsh-typert-protocol@0.1.2-alpha.5':
    resolution: {integrity: sha512-9+THodbDJuRCa5PF5sglO+aDCKyCmDmKNlg7VqMflUcmudSdGfcGteivgNXxKaQkYncL4DbYwqRsw5S0/iHeHw==}
    peerDependencies:
      '@deepseek-ai/cordis': ^4.0.2

  '@deepseek-ai/dsh-util-crypto@0.1.2-alpha.5':
    resolution: {integrity: sha512-E7MnetX+Gt1DuIkf2mrGfoF/yFGzyvueDJxLX7SdiCr1CEZ2z24dz5I0NkU4k1I4XkCMmt6QbbaGfmCcqCFdUw==}
    peerDependencies:
      '@deepseek-ai/cordis': ^4.0.2

  '@deepseek-ai/dsh-util-values@0.1.2-alpha.5':
    resolution: {integrity: sha512-1rhtBUw5exfiuws3MkpXU07k0wcdV9tFSGf6FrUoFrD0KzqLUN5N3lNrgL8BDjRml9ihtYh/3i0pJhfuEvZ+7w==}
    peerDependencies:
      '@deepseek-ai/cordis': ^4.0.2

  '@deepseek-ai/schemastery@3.18.2':
    resolution: {integrity: sha512-njDtZsznjYxok7KLLlHOPyuv2efdWVbSflAHgztSfbMsg+CVraEoRe2DjOCgClYv3ZCSm7WXoaUkbB/+RY7tWQ==}

  '@standard-schema/spec@1.1.0':
    resolution: {integrity: sha512-l2aFy5jALhniG5HgqrD6jXLi/rUWrKvqN/qJx6yoJsgKhblVd+iqqU4RCXavm/jPityDo5TCvKMnpjKnOriy0w==}

  '@types/node@24.13.3':
    resolution: {integrity: sha512-Dh8vAsV36ig5wa9OX4pXvMc9D3Veibfw2wix0CUwYODLD8nkj9UsLjASr49nPg+2eKzxhBV+v7L8pXvT4e639Q==}

  typescript@5.9.3:
    resolution: {integrity: sha512-jl1vZzPDinLr9eUt3J/t7V6FgNEw9QjvBPdysz9KfQDD41fQrC2Y4vKQdiaUpFT4bXlb1RHhLpp8wtm6M5TgSw==}
    engines: {node: '>=14.17'}
    hasBin: true

  undici-types@7.18.2:
    resolution: {integrity: sha512-AsuCzffGHJybSaRrmr5eHr81mwJU3kjw6M+uprWvCXiNeN9SOGwQ3Jn8jb8m3Z6izVgknn1R0FTCEAP2QrLY/w==}

  zod@4.4.3:
    resolution: {integrity: sha512-ytENFjIJFl2UwYglde2jchW2Hwm4GJFLDiSXWdTrJQBIN9Fcyp7n4DhxJEiWNAJMV1/BqWfW/kkg71UDcHJyTQ==}

snapshots:

  '@deepseek-ai/cordis@4.0.2':
    dependencies:
      '@deepseek-ai/cosmokit': 1.8.3
      '@standard-schema/spec': 1.1.0

  '@deepseek-ai/cosmokit@1.8.3': {}

  '@deepseek-ai/dsh-agent@0.1.2-alpha.5(@deepseek-ai/cordis@4.0.2)(@deepseek-ai/dsh-llm@0.1.2-alpha.5(@deepseek-ai/cordis@4.0.2))(@deepseek-ai/dsh-session@0.1.2-alpha.5(@deepseek-ai/cordis@4.0.2))(@deepseek-ai/dsh-typert-protocol@0.1.2-alpha.5(@deepseek-ai/cordis@4.0.2))':
    dependencies:
      '@deepseek-ai/cordis': 4.0.2
      '@deepseek-ai/dsh-llm': 0.1.2-alpha.5(@deepseek-ai/cordis@4.0.2)
      '@deepseek-ai/dsh-session': 0.1.2-alpha.5(@deepseek-ai/cordis@4.0.2)
      '@deepseek-ai/dsh-typert-protocol': 0.1.2-alpha.5(@deepseek-ai/cordis@4.0.2)

  '@deepseek-ai/dsh-brand@0.1.2-alpha.5(@deepseek-ai/cordis@4.0.2)':
    dependencies:
      '@deepseek-ai/cordis': 4.0.2

  '@deepseek-ai/dsh-llm@0.1.2-alpha.5(@deepseek-ai/cordis@4.0.2)':
    dependencies:
      '@deepseek-ai/cordis': 4.0.2
      '@deepseek-ai/dsh-brand': 0.1.2-alpha.5(@deepseek-ai/cordis@4.0.2)
      '@deepseek-ai/dsh-timeout': 0.1.2-alpha.5(@deepseek-ai/cordis@4.0.2)
      '@deepseek-ai/dsh-typert-protocol': 0.1.2-alpha.5(@deepseek-ai/cordis@4.0.2)
      '@deepseek-ai/dsh-util-crypto': 0.1.2-alpha.5(@deepseek-ai/cordis@4.0.2)
      '@deepseek-ai/dsh-util-values': 0.1.2-alpha.5(@deepseek-ai/cordis@4.0.2)
      '@deepseek-ai/schemastery': 3.18.2
      zod: 4.4.3

  '@deepseek-ai/dsh-session@0.1.2-alpha.5(@deepseek-ai/cordis@4.0.2)':
    dependencies:
      '@deepseek-ai/cordis': 4.0.2
      '@deepseek-ai/dsh-brand': 0.1.2-alpha.5(@deepseek-ai/cordis@4.0.2)
      '@deepseek-ai/dsh-llm': 0.1.2-alpha.5(@deepseek-ai/cordis@4.0.2)
      '@deepseek-ai/dsh-util-values': 0.1.2-alpha.5(@deepseek-ai/cordis@4.0.2)

  '@deepseek-ai/dsh-subagent@0.1.2-alpha.5(@deepseek-ai/cordis@4.0.2)(@deepseek-ai/dsh-agent@0.1.2-alpha.5(@deepseek-ai/cordis@4.0.2)(@deepseek-ai/dsh-llm@0.1.2-alpha.5(@deepseek-ai/cordis@4.0.2))(@deepseek-ai/dsh-session@0.1.2-alpha.5(@deepseek-ai/cordis@4.0.2))(@deepseek-ai/dsh-typert-protocol@0.1.2-alpha.5(@deepseek-ai/cordis@4.0.2)))(@deepseek-ai/dsh-llm@0.1.2-alpha.5(@deepseek-ai/cordis@4.0.2))(@deepseek-ai/dsh-session@0.1.2-alpha.5(@deepseek-ai/cordis@4.0.2))(@deepseek-ai/dsh-tools@0.1.2-alpha.5(@deepseek-ai/cordis@4.0.2)(@deepseek-ai/dsh-agent@0.1.2-alpha.5(@deepseek-ai/cordis@4.0.2)(@deepseek-ai/dsh-llm@0.1.2-alpha.5(@deepseek-ai/cordis@4.0.2))(@deepseek-ai/dsh-session@0.1.2-alpha.5(@deepseek-ai/cordis@4.0.2))(@deepseek-ai/dsh-typert-protocol@0.1.2-alpha.5(@deepseek-ai/cordis@4.0.2)))(@deepseek-ai/dsh-llm@0.1.2-alpha.5(@deepseek-ai/cordis@4.0.2))(@deepseek-ai/dsh-session@0.1.2-alpha.5(@deepseek-ai/cordis@4.0.2)))(@deepseek-ai/dsh-typert-protocol@0.1.2-alpha.5(@deepseek-ai/cordis@4.0.2))':
    dependencies:
      '@deepseek-ai/cordis': 4.0.2
      '@deepseek-ai/dsh-agent': 0.1.2-alpha.5(@deepseek-ai/cordis@4.0.2)(@deepseek-ai/dsh-llm@0.1.2-alpha.5(@deepseek-ai/cordis@4.0.2))(@deepseek-ai/dsh-session@0.1.2-alpha.5(@deepseek-ai/cordis@4.0.2))(@deepseek-ai/dsh-typert-protocol@0.1.2-alpha.5(@deepseek-ai/cordis@4.0.2))
      '@deepseek-ai/dsh-brand': 0.1.2-alpha.5(@deepseek-ai/cordis@4.0.2)
      '@deepseek-ai/dsh-llm': 0.1.2-alpha.5(@deepseek-ai/cordis@4.0.2)
      '@deepseek-ai/dsh-session': 0.1.2-alpha.5(@deepseek-ai/cordis@4.0.2)
      '@deepseek-ai/dsh-tools': 0.1.2-alpha.5(@deepseek-ai/cordis@4.0.2)(@deepseek-ai/dsh-agent@0.1.2-alpha.5(@deepseek-ai/cordis@4.0.2)(@deepseek-ai/dsh-llm@0.1.2-alpha.5(@deepseek-ai/cordis@4.0.2))(@deepseek-ai/dsh-session@0.1.2-alpha.5(@deepseek-ai/cordis@4.0.2))(@deepseek-ai/dsh-typert-protocol@0.1.2-alpha.5(@deepseek-ai/cordis@4.0.2)))(@deepseek-ai/dsh-llm@0.1.2-alpha.5(@deepseek-ai/cordis@4.0.2))(@deepseek-ai/dsh-session@0.1.2-alpha.5(@deepseek-ai/cordis@4.0.2))
      '@deepseek-ai/dsh-typert-protocol': 0.1.2-alpha.5(@deepseek-ai/cordis@4.0.2)
      '@deepseek-ai/dsh-util-values': 0.1.2-alpha.5(@deepseek-ai/cordis@4.0.2)
      zod: 4.4.3

  '@deepseek-ai/dsh-timeout@0.1.2-alpha.5(@deepseek-ai/cordis@4.0.2)':
    dependencies:
      '@deepseek-ai/cordis': 4.0.2

  '@deepseek-ai/dsh-tools@0.1.2-alpha.5(@deepseek-ai/cordis@4.0.2)(@deepseek-ai/dsh-agent@0.1.2-alpha.5(@deepseek-ai/cordis@4.0.2)(@deepseek-ai/dsh-llm@0.1.2-alpha.5(@deepseek-ai/cordis@4.0.2))(@deepseek-ai/dsh-session@0.1.2-alpha.5(@deepseek-ai/cordis@4.0.2))(@deepseek-ai/dsh-typert-protocol@0.1.2-alpha.5(@deepseek-ai/cordis@4.0.2)))(@deepseek-ai/dsh-llm@0.1.2-alpha.5(@deepseek-ai/cordis@4.0.2))(@deepseek-ai/dsh-session@0.1.2-alpha.5(@deepseek-ai/cordis@4.0.2))':
    dependencies:
      '@deepseek-ai/cordis': 4.0.2
      '@deepseek-ai/dsh-agent': 0.1.2-alpha.5(@deepseek-ai/cordis@4.0.2)(@deepseek-ai/dsh-llm@0.1.2-alpha.5(@deepseek-ai/cordis@4.0.2))(@deepseek-ai/dsh-session@0.1.2-alpha.5(@deepseek-ai/cordis@4.0.2))(@deepseek-ai/dsh-typert-protocol@0.1.2-alpha.5(@deepseek-ai/cordis@4.0.2))
      '@deepseek-ai/dsh-brand': 0.1.2-alpha.5(@deepseek-ai/cordis@4.0.2)
      '@deepseek-ai/dsh-llm': 0.1.2-alpha.5(@deepseek-ai/cordis@4.0.2)
      '@deepseek-ai/dsh-session': 0.1.2-alpha.5(@deepseek-ai/cordis@4.0.2)
      '@deepseek-ai/dsh-util-values': 0.1.2-alpha.5(@deepseek-ai/cordis@4.0.2)
      '@deepseek-ai/schemastery': 3.18.2

  '@deepseek-ai/dsh-typert-protocol@0.1.2-alpha.5(@deepseek-ai/cordis@4.0.2)':
    dependencies:
      '@deepseek-ai/cordis': 4.0.2

  '@deepseek-ai/dsh-util-crypto@0.1.2-alpha.5(@deepseek-ai/cordis@4.0.2)':
    dependencies:
      '@deepseek-ai/cordis': 4.0.2

  '@deepseek-ai/dsh-util-values@0.1.2-alpha.5(@deepseek-ai/cordis@4.0.2)':
    dependencies:
      '@deepseek-ai/cordis': 4.0.2

  '@deepseek-ai/schemastery@3.18.2':
    dependencies:
      '@deepseek-ai/cosmokit': 1.8.3
      '@standard-schema/spec': 1.1.0

  '@standard-schema/spec@1.1.0': {}

  '@types/node@24.13.3':
    dependencies:
      undici-types: 7.18.2

  typescript@5.9.3: {}

  undici-types@7.18.2: {}

  zod@4.4.3: {}
